
Microsoft Visual Studio Solution File, Format Version 12.00
# Visual Studio Version 16
VisualStudioVersion = 16.0.30002.166
MinimumVisualStudioVersion = 10.0.40219.1
Project("{9A19103F-16F7-4668-BE54-9A1E7A4F7556}") = "Charlie", "Charlie\Charlie.csproj", "{FEF939D2-A887-4A43-BFD7-6FF085C43433}"
EndProject
Project("{FAE04EC0-301F-11D3-BF4B-00C04F79EFBC}") = "CharlieTest", "CharlieTest\CharlieTest.csproj", "{5C51B9FE-6656-4141-81E3-D0264B474813}"
EndProject
Global
	GlobalSection(SolutionConfigurationPlatforms) = preSolution
		Debug|Any CPU = Debug|Any CPU
		Release|Any CPU = Release|Any CPU
	EndGlobalSection
	GlobalSection(ProjectConfigurationPlatforms) = postSolution
		{FEF939D2-A887-4A43-BFD7-6FF085C43433}.Debug|Any CPU.ActiveCfg = Debug|Any CPU
		{FEF939D2-A887-4A43-BFD7-6FF085C43433}.Debug|Any CPU.Build.0 = Debug|Any CPU
		{FEF939D2-A887-4A43-BFD7-6FF085C43433}.Release|Any CPU.ActiveCfg = Release|Any CPU
		{FEF939D2-A887-4A43-BFD7-6FF085C43433}.Release|Any CPU.Build.0 = Release|Any CPU
		{5C51B9FE-6656-4141-81E3-D0264B474813}.Debug|Any CPU.ActiveCfg = Debug|Any CPU
		{5C51B9FE-6656-4141-81E3-D0264B474813}.Debug|Any CPU.Build.0 = Debug|Any CPU
		{5C51B9FE-6656-4141-81E3-D0264B474813}.Release|Any CPU.ActiveCfg = Release|Any CPU
		{5C51B9FE-6656-4141-81E3-D0264B474813}.Release|Any CPU.Build.0 = Release|Any CPU
	EndGlobalSection
	GlobalSection(SolutionProperties) = preSolution
		HideSolutionNode = FALSE
	EndGlobalSection
	GlobalSection(ExtensibilityGlobals) = postSolution
		SolutionGuid = {27D856CB-DE50-4150-8830-97FCB3C5BDC9}
	EndGlobalSection
EndGlobal
